
Microsoft Visual Studio Solution File, Format Version 12.00
# Visual Studio Version 17
VisualStudioVersion = 17.11.35222.181
MinimumVisualStudioVersion = 10.0.40219.1
Project("{FAE04EC0-301F-11D3-BF4B-00C04F79EFBC}") = "Kabras Gaming", "Kabras Gaming\Kabras Gaming.csproj", "{6C646EDE-B0C8-47FF-93CA-C2AEA9D79CF4}"
EndProject
Global
	GlobalSection(SolutionConfigurationPlatforms) = preSolution
		Debug|Any CPU = Debug|Any CPU
		Release|Any CPU = Release|Any CPU
	EndGlobalSection
	GlobalSection(ProjectConfigurationPlatforms) = postSolution
		{6C646EDE-B0C8-47FF-93CA-C2AEA9D79CF4}.Debug|Any CPU.ActiveCfg = Debug|Any CPU
		{6C646EDE-B0C8-47FF-93CA-C2AEA9D79CF4}.Debug|Any CPU.Build.0 = Debug|Any CPU
		{6C646EDE-B0C8-47FF-93CA-C2AEA9D79CF4}.Release|Any CPU.ActiveCfg = Release|Any CPU
		{6C646EDE-B0C8-47FF-93CA-C2AEA9D79CF4}.Release|Any CPU.Build.0 = Release|Any CPU
	EndGlobalSection
	GlobalSection(SolutionProperties) = preSolution
		HideSolutionNode = FALSE
	EndGlobalSection
	GlobalSection(ExtensibilityGlobals) = postSolution
		SolutionGuid = {DB37E8DD-554A-405F-9C9B-B9A85FDF39B1}
	EndGlobalSection
EndGlobal
